
Microsoft Visual Studio Solution File, Format Version 12.00
# Visual Studio 15
VisualStudioVersion = 15.0.26430.4
MinimumVisualStudioVersion = 10.0.40219.1
Project("{FAE04EC0-301F-11D3-BF4B-00C04F79EFBC}") = "MarieCurie.Web", "MarieCurie.Web\MarieCurie.Web.csproj", "{72968737-B378-4A76-8E4C-FA4EA8E1C545}"
EndProject
Project("{FAE04EC0-301F-11D3-BF4B-00C04F79EFBC}") = "MarieCurie.Web.Tests", "MarieCurie.Web.Tests\MarieCurie.Web.Tests.csproj", "{4708A7B0-0741-4C4D-9D65-A18575F8618F}"
EndProject
Project("{2150E333-8FDC-42A3-9474-1A3956D46DE8}") = "lib", "lib", "{3F28DCE8-3851-4951-BDF2-13E8A91CAD53}"
	ProjectSection(SolutionItems) = preProject
		C:\Users\VictorS\Desktop\mariecurie-interview-scenarios-master\mariecurie-interview-scenarios-master\lib\MarieCurie.Interview.HelperService.1.0.0.nupkg = C:\Users\VictorS\Desktop\mariecurie-interview-scenarios-master\mariecurie-interview-scenarios-master\lib\MarieCurie.Interview.HelperService.1.0.0.nupkg
	EndProjectSection
EndProject
Project("{FAE04EC0-301F-11D3-BF4B-00C04F79EFBC}") = "MarieCurie.Models", "MarieCurie.Models\MarieCurie.Models.csproj", "{1F4B259E-CE0D-4D36-AB13-9F7E72609446}"
EndProject
Project("{FAE04EC0-301F-11D3-BF4B-00C04F79EFBC}") = "MarieCurie.Data", "MarieCurie.Data\MarieCurie.Data.csproj", "{C00B6DE2-47A1-4BDE-9366-7380C34320BE}"
EndProject
Global
	GlobalSection(SolutionConfigurationPlatforms) = preSolution
		Debug|Any CPU = Debug|Any CPU
		Release|Any CPU = Release|Any CPU
	EndGlobalSection
	GlobalSection(ProjectConfigurationPlatforms) = postSolution
		{72968737-B378-4A76-8E4C-FA4EA8E1C545}.Debug|Any CPU.ActiveCfg = Debug|Any CPU
		{72968737-B378-4A76-8E4C-FA4EA8E1C545}.Debug|Any CPU.Build.0 = Debug|Any CPU
		{72968737-B378-4A76-8E4C-FA4EA8E1C545}.Release|Any CPU.ActiveCfg = Release|Any CPU
		{72968737-B378-4A76-8E4C-FA4EA8E1C545}.Release|Any CPU.Build.0 = Release|Any CPU
		{4708A7B0-0741-4C4D-9D65-A18575F8618F}.Debug|Any CPU.ActiveCfg = Debug|Any CPU
		{4708A7B0-0741-4C4D-9D65-A18575F8618F}.Debug|Any CPU.Build.0 = Debug|Any CPU
		{4708A7B0-0741-4C4D-9D65-A18575F8618F}.Release|Any CPU.ActiveCfg = Release|Any CPU
		{4708A7B0-0741-4C4D-9D65-A18575F8618F}.Release|Any CPU.Build.0 = Release|Any CPU
		{1F4B259E-CE0D-4D36-AB13-9F7E72609446}.Debug|Any CPU.ActiveCfg = Debug|Any CPU
		{1F4B259E-CE0D-4D36-AB13-9F7E72609446}.Debug|Any CPU.Build.0 = Debug|Any CPU
		{1F4B259E-CE0D-4D36-AB13-9F7E72609446}.Release|Any CPU.ActiveCfg = Release|Any CPU
		{1F4B259E-CE0D-4D36-AB13-9F7E72609446}.Release|Any CPU.Build.0 = Release|Any CPU
		{C00B6DE2-47A1-4BDE-9366-7380C34320BE}.Debug|Any CPU.ActiveCfg = Debug|Any CPU
		{C00B6DE2-47A1-4BDE-9366-7380C34320BE}.Debug|Any CPU.Build.0 = Debug|Any CPU
		{C00B6DE2-47A1-4BDE-9366-7380C34320BE}.Release|Any CPU.ActiveCfg = Release|Any CPU
		{C00B6DE2-47A1-4BDE-9366-7380C34320BE}.Release|Any CPU.Build.0 = Release|Any CPU
	EndGlobalSection
	GlobalSection(SolutionProperties) = preSolution
		HideSolutionNode = FALSE
	EndGlobalSection
EndGlobal
